
Microsoft Visual Studio Solution File, Format Version 12.00
# Visual Studio Version 16
VisualStudioVersion = 16.0.29519.161
MinimumVisualStudioVersion = 10.0.40219.1
Project("{9A19103F-16F7-4668-BE54-9A1E7A4F7556}") = "Dag01", "Dag01\Dag01.csproj", "{FBD28FE7-3675-4259-A262-2DDE58D632B2}"
EndProject
Project("{9A19103F-16F7-4668-BE54-9A1E7A4F7556}") = "Dag02", "Dag02\Dag02.csproj", "{DF0FAB7E-778C-4DA9-A094-8F1E049E6005}"
EndProject
Project("{9A19103F-16F7-4668-BE54-9A1E7A4F7556}") = "Dag03", "Dag03\Dag03.csproj", "{636C7709-B81D-432A-86BE-9FDAF5BDB3AF}"
EndProject
Project("{9A19103F-16F7-4668-BE54-9A1E7A4F7556}") = "Dag04", "Dag04\Dag04.csproj", "{CEA348A4-5F83-4021-A993-3D402575352C}"
EndProject
Project("{9A19103F-16F7-4668-BE54-9A1E7A4F7556}") = "Dag05", "Dag05\Dag05.csproj", "{3C3BD1C5-F817-4266-A825-85506408E50D}"
EndProject
Project("{9A19103F-16F7-4668-BE54-9A1E7A4F7556}") = "Dag06", "Dag06\Dag06.csproj", "{49509B21-B9CF-47E6-9F29-EDBC64AFE64F}"
EndProject
Project("{9A19103F-16F7-4668-BE54-9A1E7A4F7556}") = "Dag07", "Dag07\Dag07.csproj", "{170B78B4-3013-4548-9202-E6758C49D2FD}"
EndProject
Project("{FAE04EC0-301F-11D3-BF4B-00C04F79EFBC}") = "Dag08", "Dag08\Dag08.csproj", "{92BF185E-52BF-4030-9F3C-3E47F42246BA}"
EndProject
Global
	GlobalSection(SolutionConfigurationPlatforms) = preSolution
		Debug|Any CPU = Debug|Any CPU
		Release|Any CPU = Release|Any CPU
	EndGlobalSection
	GlobalSection(ProjectConfigurationPlatforms) = postSolution
		{FBD28FE7-3675-4259-A262-2DDE58D632B2}.Debug|Any CPU.ActiveCfg = Debug|Any CPU
		{FBD28FE7-3675-4259-A262-2DDE58D632B2}.Debug|Any CPU.Build.0 = Debug|Any CPU
		{FBD28FE7-3675-4259-A262-2DDE58D632B2}.Release|Any CPU.ActiveCfg = Release|Any CPU
		{FBD28FE7-3675-4259-A262-2DDE58D632B2}.Release|Any CPU.Build.0 = Release|Any CPU
		{DF0FAB7E-778C-4DA9-A094-8F1E049E6005}.Debug|Any CPU.ActiveCfg = Debug|Any CPU
		{DF0FAB7E-778C-4DA9-A094-8F1E049E6005}.Debug|Any CPU.Build.0 = Debug|Any CPU
		{DF0FAB7E-778C-4DA9-A094-8F1E049E6005}.Release|Any CPU.ActiveCfg = Release|Any CPU
		{DF0FAB7E-778C-4DA9-A094-8F1E049E6005}.Release|Any CPU.Build.0 = Release|Any CPU
		{636C7709-B81D-432A-86BE-9FDAF5BDB3AF}.Debug|Any CPU.ActiveCfg = Debug|Any CPU
		{636C7709-B81D-432A-86BE-9FDAF5BDB3AF}.Debug|Any CPU.Build.0 = Debug|Any CPU
		{636C7709-B81D-432A-86BE-9FDAF5BDB3AF}.Release|Any CPU.ActiveCfg = Release|Any CPU
		{636C7709-B81D-432A-86BE-9FDAF5BDB3AF}.Release|Any CPU.Build.0 = Release|Any CPU
		{CEA348A4-5F83-4021-A993-3D402575352C}.Debug|Any CPU.ActiveCfg = Debug|Any CPU
		{CEA348A4-5F83-4021-A993-3D402575352C}.Debug|Any CPU.Build.0 = Debug|Any CPU
		{CEA348A4-5F83-4021-A993-3D402575352C}.Release|Any CPU.ActiveCfg = Release|Any CPU
		{CEA348A4-5F83-4021-A993-3D402575352C}.Release|Any CPU.Build.0 = Release|Any CPU
		{3C3BD1C5-F817-4266-A825-85506408E50D}.Debug|Any CPU.ActiveCfg = Debug|Any CPU
		{3C3BD1C5-F817-4266-A825-85506408E50D}.Debug|Any CPU.Build.0 = Debug|Any CPU
		{3C3BD1C5-F817-4266-A825-85506408E50D}.Release|Any CPU.ActiveCfg = Release|Any CPU
		{3C3BD1C5-F817-4266-A825-85506408E50D}.Release|Any CPU.Build.0 = Release|Any CPU
		{49509B21-B9CF-47E6-9F29-EDBC64AFE64F}.Debug|Any CPU.ActiveCfg = Debug|Any CPU
		{49509B21-B9CF-47E6-9F29-EDBC64AFE64F}.Debug|Any CPU.Build.0 = Debug|Any CPU
		{49509B21-B9CF-47E6-9F29-EDBC64AFE64F}.Release|Any CPU.ActiveCfg = Release|Any CPU
		{49509B21-B9CF-47E6-9F29-EDBC64AFE64F}.Release|Any CPU.Build.0 = Release|Any CPU
		{170B78B4-3013-4548-9202-E6758C49D2FD}.Debug|Any CPU.ActiveCfg = Debug|Any CPU
		{170B78B4-3013-4548-9202-E6758C49D2FD}.Debug|Any CPU.Build.0 = Debug|Any CPU
		{170B78B4-3013-4548-9202-E6758C49D2FD}.Release|Any CPU.ActiveCfg = Release|Any CPU
		{170B78B4-3013-4548-9202-E6758C49D2FD}.Release|Any CPU.Build.0 = Release|Any CPU
		{92BF185E-52BF-4030-9F3C-3E47F42246BA}.Debug|Any CPU.ActiveCfg = Debug|Any CPU
		{92BF185E-52BF-4030-9F3C-3E47F42246BA}.Debug|Any CPU.Build.0 = Debug|Any CPU
		{92BF185E-52BF-4030-9F3C-3E47F42246BA}.Release|Any CPU.ActiveCfg = Release|Any CPU
		{92BF185E-52BF-4030-9F3C-3E47F42246BA}.Release|Any CPU.Build.0 = Release|Any CPU
	EndGlobalSection
	GlobalSection(SolutionProperties) = preSolution
		HideSolutionNode = FALSE
	EndGlobalSection
	GlobalSection(ExtensibilityGlobals) = postSolution
		SolutionGuid = {A294DAA3-2283-4E94-976F-74CD573DFBA6}
	EndGlobalSection
EndGlobal
